
Microsoft Visual Studio Solution File, Format Version 12.00
# Visual Studio Version 17
VisualStudioVersion = 17.0.31912.275
MinimumVisualStudioVersion = 10.0.40219.1
Project("{00D1A9C2-B5F0-4AF3-8072-F6C62B433612}") = "SqlCron", "src\SqlCron.sqlproj", "{89A3D871-6619-4431-9673-AA6F94316261}"
EndProject
Global
	GlobalSection(SolutionConfigurationPlatforms) = preSolution
		Debug|Any CPU = Debug|Any CPU
		Release|Any CPU = Release|Any CPU
	EndGlobalSection
	GlobalSection(ProjectConfigurationPlatforms) = postSolution
		{89A3D871-6619-4431-9673-AA6F94316261}.Debug|Any CPU.ActiveCfg = Debug|Any CPU
		{89A3D871-6619-4431-9673-AA6F94316261}.Debug|Any CPU.Build.0 = Debug|Any CPU
		{89A3D871-6619-4431-9673-AA6F94316261}.Debug|Any CPU.Deploy.0 = Debug|Any CPU
		{89A3D871-6619-4431-9673-AA6F94316261}.Release|Any CPU.ActiveCfg = Release|Any CPU
		{89A3D871-6619-4431-9673-AA6F94316261}.Release|Any CPU.Build.0 = Release|Any CPU
		{89A3D871-6619-4431-9673-AA6F94316261}.Release|Any CPU.Deploy.0 = Release|Any CPU
	EndGlobalSection
	GlobalSection(SolutionProperties) = preSolution
		HideSolutionNode = FALSE
	EndGlobalSection
	GlobalSection(ExtensibilityGlobals) = postSolution
		SolutionGuid = {26BC1986-7579-493E-9359-1A4FDD221327}
	EndGlobalSection
EndGlobal
